
Microsoft Visual Studio Solution File, Format Version 12.00
# Visual Studio Version 17
VisualStudioVersion = 17.13.35825.156 d17.13
MinimumVisualStudioVersion = 10.0.40219.1
Project("{FAE04EC0-301F-11D3-BF4B-00C04F79EFBC}") = "eAppointmentServer.Domain", "eAppointmentServer.Domain\eAppointmentServer.Domain.csproj", "{B265CD54-5FA7-4704-9561-8E90CF3F9E08}"
EndProject
Global
	GlobalSection(SolutionConfigurationPlatforms) = preSolution
		Debug|Any CPU = Debug|Any CPU
		Release|Any CPU = Release|Any CPU
	EndGlobalSection
	GlobalSection(ProjectConfigurationPlatforms) = postSolution
		{B265CD54-5FA7-4704-9561-8E90CF3F9E08}.Debug|Any CPU.ActiveCfg = Debug|Any CPU
		{B265CD54-5FA7-4704-9561-8E90CF3F9E08}.Debug|Any CPU.Build.0 = Debug|Any CPU
		{B265CD54-5FA7-4704-9561-8E90CF3F9E08}.Release|Any CPU.ActiveCfg = Release|Any CPU
		{B265CD54-5FA7-4704-9561-8E90CF3F9E08}.Release|Any CPU.Build.0 = Release|Any CPU
	EndGlobalSection
	GlobalSection(SolutionProperties) = preSolution
		HideSolutionNode = FALSE
	EndGlobalSection
	GlobalSection(ExtensibilityGlobals) = postSolution
		SolutionGuid = {158D01F0-1B79-4C4C-B6B5-D1EABC4C504E}
	EndGlobalSection
EndGlobal
